
Microsoft Visual Studio Solution File, Format Version 12.00
# Visual Studio Version 17
VisualStudioVersion = 17.1.32210.238
MinimumVisualStudioVersion = 10.0.40219.1
Project("{9A19103F-16F7-4668-BE54-9A1E7A4F7556}") = "Demo.ITextSharp", "Demo.ITextSharp\Demo.ITextSharp\Demo.ITextSharp.csproj", "{9502869D-E216-4AEF-9713-E0654BF695AD}"
EndProject
Project("{FAE04EC0-301F-11D3-BF4B-00C04F79EFBC}") = "asposedemo.netframework.console", "asposedemo.netframework.console\asposedemo.netframework.console.csproj", "{37E95824-2E81-4515-BC8B-090CACBD2F71}"
EndProject
Project("{9A19103F-16F7-4668-BE54-9A1E7A4F7556}") = "DemoFunc", "Demo\DemoFunc.csproj", "{3A1812DB-C915-4E6D-AFE9-F94ECF35454E}"
EndProject
Project("{9A19103F-16F7-4668-BE54-9A1E7A4F7556}") = "PIFunc", "PIFuncs\PIFunc.csproj", "{3236BF41-6BBA-45DE-B893-78D2A8F11121}"
EndProject
Project("{9A19103F-16F7-4668-BE54-9A1E7A4F7556}") = "OpenXmlDemoConsole", "OpenXmlDemoConsole\OpenXmlDemoConsole.csproj", "{E3C07723-654E-42F8-BADB-C869CAD345CB}"
EndProject
Project("{2150E333-8FDC-42A3-9474-1A3956D46DE8}") = "Lib", "Lib", "{5A5F7C7E-6BBF-4EEA-9AD9-DAEE9A0724BF}"
EndProject
Project("{2150E333-8FDC-42A3-9474-1A3956D46DE8}") = "DemoConsole", "DemoConsole", "{70093AE4-2644-43C7-B4F3-B34B052FB153}"
EndProject
Global
	GlobalSection(SolutionConfigurationPlatforms) = preSolution
		Debug|Any CPU = Debug|Any CPU
		Release|Any CPU = Release|Any CPU
	EndGlobalSection
	GlobalSection(ProjectConfigurationPlatforms) = postSolution
		{9502869D-E216-4AEF-9713-E0654BF695AD}.Debug|Any CPU.ActiveCfg = Debug|Any CPU
		{9502869D-E216-4AEF-9713-E0654BF695AD}.Debug|Any CPU.Build.0 = Debug|Any CPU
		{9502869D-E216-4AEF-9713-E0654BF695AD}.Release|Any CPU.ActiveCfg = Release|Any CPU
		{9502869D-E216-4AEF-9713-E0654BF695AD}.Release|Any CPU.Build.0 = Release|Any CPU
		{37E95824-2E81-4515-BC8B-090CACBD2F71}.Debug|Any CPU.ActiveCfg = Debug|Any CPU
		{37E95824-2E81-4515-BC8B-090CACBD2F71}.Debug|Any CPU.Build.0 = Debug|Any CPU
		{37E95824-2E81-4515-BC8B-090CACBD2F71}.Release|Any CPU.ActiveCfg = Release|Any CPU
		{37E95824-2E81-4515-BC8B-090CACBD2F71}.Release|Any CPU.Build.0 = Release|Any CPU
		{3A1812DB-C915-4E6D-AFE9-F94ECF35454E}.Debug|Any CPU.ActiveCfg = Debug|Any CPU
		{3A1812DB-C915-4E6D-AFE9-F94ECF35454E}.Debug|Any CPU.Build.0 = Debug|Any CPU
		{3A1812DB-C915-4E6D-AFE9-F94ECF35454E}.Release|Any CPU.ActiveCfg = Release|Any CPU
		{3A1812DB-C915-4E6D-AFE9-F94ECF35454E}.Release|Any CPU.Build.0 = Release|Any CPU
		{3236BF41-6BBA-45DE-B893-78D2A8F11121}.Debug|Any CPU.ActiveCfg = Debug|Any CPU
		{3236BF41-6BBA-45DE-B893-78D2A8F11121}.Debug|Any CPU.Build.0 = Debug|Any CPU
		{3236BF41-6BBA-45DE-B893-78D2A8F11121}.Release|Any CPU.ActiveCfg = Release|Any CPU
		{3236BF41-6BBA-45DE-B893-78D2A8F11121}.Release|Any CPU.Build.0 = Release|Any CPU
		{E3C07723-654E-42F8-BADB-C869CAD345CB}.Debug|Any CPU.ActiveCfg = Debug|Any CPU
		{E3C07723-654E-42F8-BADB-C869CAD345CB}.Debug|Any CPU.Build.0 = Debug|Any CPU
		{E3C07723-654E-42F8-BADB-C869CAD345CB}.Release|Any CPU.ActiveCfg = Release|Any CPU
		{E3C07723-654E-42F8-BADB-C869CAD345CB}.Release|Any CPU.Build.0 = Release|Any CPU
	EndGlobalSection
	GlobalSection(SolutionProperties) = preSolution
		HideSolutionNode = FALSE
	EndGlobalSection
	GlobalSection(NestedProjects) = preSolution
		{9502869D-E216-4AEF-9713-E0654BF695AD} = {70093AE4-2644-43C7-B4F3-B34B052FB153}
		{37E95824-2E81-4515-BC8B-090CACBD2F71} = {70093AE4-2644-43C7-B4F3-B34B052FB153}
		{E3C07723-654E-42F8-BADB-C869CAD345CB} = {70093AE4-2644-43C7-B4F3-B34B052FB153}
	EndGlobalSection
	GlobalSection(ExtensibilityGlobals) = postSolution
		SolutionGuid = {F57181D0-A11C-42AF-B7FC-567C2FD13C1F}
	EndGlobalSection
EndGlobal
